
Microsoft Visual Studio Solution File, Format Version 12.00
# Visual Studio Version 16
VisualStudioVersion = 16.0.30804.86
MinimumVisualStudioVersion = 10.0.40219.1
Project("{FAE04EC0-301F-11D3-BF4B-00C04F79EFBC}") = "NicUtils", "NicUtils.csproj", "{D1CA2460-D1DD-419C-9E93-1E6618546803}"
EndProject
Global
	GlobalSection(SolutionConfigurationPlatforms) = preSolution
		Debug|Any CPU = Debug|Any CPU
		Release|Any CPU = Release|Any CPU
	EndGlobalSection
	GlobalSection(ProjectConfigurationPlatforms) = postSolution
		{D1CA2460-D1DD-419C-9E93-1E6618546803}.Debug|Any CPU.ActiveCfg = Debug|Any CPU
		{D1CA2460-D1DD-419C-9E93-1E6618546803}.Debug|Any CPU.Build.0 = Debug|Any CPU
		{D1CA2460-D1DD-419C-9E93-1E6618546803}.Release|Any CPU.ActiveCfg = Release|Any CPU
		{D1CA2460-D1DD-419C-9E93-1E6618546803}.Release|Any CPU.Build.0 = Release|Any CPU
	EndGlobalSection
	GlobalSection(SolutionProperties) = preSolution
		HideSolutionNode = FALSE
	EndGlobalSection
	GlobalSection(ExtensibilityGlobals) = postSolution
		SolutionGuid = {A1ADC5E8-4D8F-444E-9091-53B9A9A135BD}
	EndGlobalSection
EndGlobal
